
Microsoft Visual Studio Solution File, Format Version 12.00
# Visual Studio Version 17
VisualStudioVersion = 17.10.35013.160
MinimumVisualStudioVersion = 10.0.40219.1
Project("{9A19103F-16F7-4668-BE54-9A1E7A4F7556}") = "Projet_Data", "Projet_Data\Projet_Data.csproj", "{A053516A-0F2D-4CF5-9A96-FE60FBEEEAB1}"
EndProject
Project("{FAE04EC0-301F-11D3-BF4B-00C04F79EFBC}") = "Projet-Stage", "Projet-Stage\Projet-Stage.csproj", "{F80173CB-4410-4C10-ADD8-4AEC1050A77A}"
EndProject
Global
	GlobalSection(SolutionConfigurationPlatforms) = preSolution
		Debug|Any CPU = Debug|Any CPU
		Release|Any CPU = Release|Any CPU
	EndGlobalSection
	GlobalSection(ProjectConfigurationPlatforms) = postSolution
		{A053516A-0F2D-4CF5-9A96-FE60FBEEEAB1}.Debug|Any CPU.ActiveCfg = Debug|Any CPU
		{A053516A-0F2D-4CF5-9A96-FE60FBEEEAB1}.Debug|Any CPU.Build.0 = Debug|Any CPU
		{A053516A-0F2D-4CF5-9A96-FE60FBEEEAB1}.Release|Any CPU.ActiveCfg = Release|Any CPU
		{A053516A-0F2D-4CF5-9A96-FE60FBEEEAB1}.Release|Any CPU.Build.0 = Release|Any CPU
		{F80173CB-4410-4C10-ADD8-4AEC1050A77A}.Debug|Any CPU.ActiveCfg = Debug|Any CPU
		{F80173CB-4410-4C10-ADD8-4AEC1050A77A}.Debug|Any CPU.Build.0 = Debug|Any CPU
		{F80173CB-4410-4C10-ADD8-4AEC1050A77A}.Release|Any CPU.ActiveCfg = Release|Any CPU
		{F80173CB-4410-4C10-ADD8-4AEC1050A77A}.Release|Any CPU.Build.0 = Release|Any CPU
	EndGlobalSection
	GlobalSection(SolutionProperties) = preSolution
		HideSolutionNode = FALSE
	EndGlobalSection
	GlobalSection(ExtensibilityGlobals) = postSolution
		SolutionGuid = {237A6A7E-6248-4889-9F5C-F2582CB735A0}
	EndGlobalSection
EndGlobal
